
Microsoft Visual Studio Solution File, Format Version 12.00
# Visual Studio Version 17
VisualStudioVersion = 17.0.31912.275
MinimumVisualStudioVersion = 10.0.40219.1
Project("{FAE04EC0-301F-11D3-BF4B-00C04F79EFBC}") = "CrudMongo", "CrudMongo.csproj", "{F6454D35-EB43-4F8C-A09E-56383274F0D7}"
EndProject
Global
	GlobalSection(SolutionConfigurationPlatforms) = preSolution
		Debug|Any CPU = Debug|Any CPU
		Release|Any CPU = Release|Any CPU
	EndGlobalSection
	GlobalSection(ProjectConfigurationPlatforms) = postSolution
		{F6454D35-EB43-4F8C-A09E-56383274F0D7}.Debug|Any CPU.ActiveCfg = Debug|Any CPU
		{F6454D35-EB43-4F8C-A09E-56383274F0D7}.Debug|Any CPU.Build.0 = Debug|Any CPU
		{F6454D35-EB43-4F8C-A09E-56383274F0D7}.Release|Any CPU.ActiveCfg = Release|Any CPU
		{F6454D35-EB43-4F8C-A09E-56383274F0D7}.Release|Any CPU.Build.0 = Release|Any CPU
	EndGlobalSection
	GlobalSection(SolutionProperties) = preSolution
		HideSolutionNode = FALSE
	EndGlobalSection
	GlobalSection(ExtensibilityGlobals) = postSolution
		SolutionGuid = {9ECC2586-D09B-42E2-89E9-57FF98F117A6}
	EndGlobalSection
EndGlobal
